{
  "name": "editor",
  "version": "1.0.0",
  "lockfileVersion": 3,
  "requires": true,
  "packages": {
    "": {
      "name": "editor",
      "version": "1.0.0",
      "license": "ISC",
      "dependencies": {
        "@angablue/exe": "^3.2.4",
        "tty": "^1.0.1",
        "typescript": "^5.8.3"
      },
      "devDependencies": {
        "@types/chalk": "^0.4.31",
        "@types/node": "^22.5.4",
        "chalk": "^5.3.0"
      }
    },
    "node_modules/@angablue/exe": {
      "version": "3.2.4",
      "resolved": "https://registry.npmjs.org/@angablue/exe/-/exe-3.2.4.tgz",
      "integrity": "sha512-+vpgVmB5Ou9QyQTCtjLWBqlRDs0RfBnOkMqkhxtmrJAy5nB5Qg8A5G04WTy/Rn+o2qTovyu0ceARxPZYBS+TOQ==",
      "license": "LGPL-3.0-or-later",
      "dependencies": {
        "@vercel/ncc": "^0.38.3",
        "postject": "1.0.0-alpha.6",
        "resedit": "^2.0.3",
        "signtool": "^1.0.0"
      },
      "bin": {
        "exe": "dist/cli.js"
      },
      "engines": {
        "node": ">=20.0.0"
      }
    },
    "node_modules/@types/chalk": {
      "version": "0.4.31",
      "resolved": "https://registry.npmjs.org/@types/chalk/-/chalk-0.4.31.tgz",
      "integrity": "sha512-nF0fisEPYMIyfrFgabFimsz9Lnuu9MwkNrrlATm2E4E46afKDyeelT+8bXfw1VSc7sLBxMxRgT7PxTC2JcqN4Q==",
      "dev": true,
      "license": "MIT"
    },
    "node_modules/@types/node": {
      "version": "22.5.4",
      "resolved": "https://registry.npmjs.org/@types/node/-/node-22.5.4.tgz",
      "integrity": "sha512-FDuKUJQm/ju9fT/SeX/6+gBzoPzlVCzfzmGkwKvRHQVxi4BntVbyIwf6a4Xn62mrvndLiml6z/UBXIdEVjQLXg==",
      "dev": true,
      "license": "MIT",
      "dependencies": {
        "undici-types": "~6.19.2"
      }
    },
    "node_modules/@vercel/ncc": {
      "version": "0.38.3",
      "resolved": "https://registry.npmjs.org/@vercel/ncc/-/ncc-0.38.3.tgz",
      "integrity": "sha512-rnK6hJBS6mwc+Bkab+PGPs9OiS0i/3kdTO+CkI8V0/VrW3vmz7O2Pxjw/owOlmo6PKEIxRSeZKv/kuL9itnpYA==",
      "license": "MIT",
      "bin": {
        "ncc": "dist/ncc/cli.js"
      }
    },
    "node_modules/chalk": {
      "version": "5.3.0",
      "resolved": "https://registry.npmjs.org/chalk/-/chalk-5.3.0.tgz",
      "integrity": "sha512-dLitG79d+GV1Nb/VYcCDFivJeK1hiukt9QjRNVOsUtTy1rR1YJsmpGGTZ3qJos+uw7WmWF4wUwBd9jxjocFC2w==",
      "dev": true,
      "license": "MIT",
      "engines": {
        "node": "^12.17.0 || ^14.13 || >=16.0.0"
      },
      "funding": {
        "url": "https://github.com/chalk/chalk?sponsor=1"
      }
    },
    "node_modules/commander": {
      "version": "9.5.0",
      "resolved": "https://registry.npmjs.org/commander/-/commander-9.5.0.tgz",
      "integrity": "sha512-KRs7WVDKg86PWiuAqhDrAQnTXZKraVcCc6vFdL14qrZ/DcWwuRo7VoiYXalXO7S5GKpqYiVEwCbgFDfxNHKJBQ==",
      "license": "MIT",
      "engines": {
        "node": "^12.20.0 || >=14"
      }
    },
    "node_modules/pe-library": {
      "version": "1.0.1",
      "resolved": "https://registry.npmjs.org/pe-library/-/pe-library-1.0.1.tgz",
      "integrity": "sha512-nh39Mo1eGWmZS7y+mK/dQIqg7S1lp38DpRxkyoHf0ZcUs/HDc+yyTjuOtTvSMZHmfSLuSQaX945u05Y2Q6UWZg==",
      "license": "MIT",
      "engines": {
        "node": ">=14",
        "npm": ">=7"
      },
      "funding": {
        "type": "github",
        "url": "https://github.com/sponsors/jet2jet"
      }
    },
    "node_modules/postject": {
      "version": "1.0.0-alpha.6",
      "resolved": "https://registry.npmjs.org/postject/-/postject-1.0.0-alpha.6.tgz",
      "integrity": "sha512-b9Eb8h2eVqNE8edvKdwqkrY6O7kAwmI8kcnBv1NScolYJbo59XUF0noFq+lxbC1yN20bmC0WBEbDC5H/7ASb0A==",
      "license": "MIT",
      "dependencies": {
        "commander": "^9.4.0"
      },
      "bin": {
        "postject": "dist/cli.js"
      },
      "engines": {
        "node": ">=14.0.0"
      }
    },
    "node_modules/resedit": {
      "version": "2.0.3",
      "resolved": "https://registry.npmjs.org/resedit/-/resedit-2.0.3.tgz",
      "integrity": "sha512-oTeemxwoMuxxTYxXUwjkrOPfngTQehlv0/HoYFNkB4uzsP1Un1A9nI8JQKGOFkxpqkC7qkMs0lUsGrvUlbLNUA==",
      "license": "MIT",
      "dependencies": {
        "pe-library": "^1.0.1"
      },
      "engines": {
        "node": ">=14",
        "npm": ">=7"
      },
      "funding": {
        "type": "github",
        "url": "https://github.com/sponsors/jet2jet"
      }
    },
    "node_modules/signtool": {
      "version": "1.0.0",
      "resolved": "https://registry.npmjs.org/signtool/-/signtool-1.0.0.tgz",
      "integrity": "sha512-uzzt9lomG7ZusAss1nMMxbR3909BD0kze7yUPklCNVAs2HYkFPSvJtJOv2F4T1Kx+9Vj+AvcsQkWes78OSu75Q==",
      "license": "MIT"
    },
    "node_modules/tty": {
      "version": "1.0.1",
      "resolved": "https://registry.npmjs.org/tty/-/tty-1.0.1.tgz",
      "integrity": "sha512-yCPqGIuidycVkRigBDshlGDLKu9+p4JKtBQijtYcI7ZnWwak56vwT7y7dGGTcxG+ecjxgWQOPWuvlePmxC5S2w==",
      "license": "ISC"
    },
    "node_modules/typescript": {
      "version": "5.8.3",
      "resolved": "https://registry.npmjs.org/typescript/-/typescript-5.8.3.tgz",
      "integrity": "sha512-p1diW6TqL9L07nNxvRMM7hMMw4c5XOo/1ibL4aAIGmSAt9slTE1Xgw5KWuof2uTOvCg9BY7ZRi+GaF+7sfgPeQ==",
      "license": "Apache-2.0",
      "bin": {
        "tsc": "bin/tsc",
        "tsserver": "bin/tsserver"
      },
      "engines": {
        "node": ">=14.17"
      }
    },
    "node_modules/undici-types": {
      "version": "6.19.8",
      "resolved": "https://registry.npmjs.org/undici-types/-/undici-types-6.19.8.tgz",
      "integrity": "sha512-ve2KP6f/JnbPBFyobGHuerC9g1FYGn/F8n1LWTwNxCEzd6IfqTwUQcNXgEtmmQ6DlRrC1hrSrBnCZPokRrDHjw==",
      "dev": true,
      "license": "MIT"
    }
  }
}
